
Microsoft Visual Studio Solution File, Format Version 12.00
# Visual Studio Version 16
VisualStudioVersion = 16.0.32106.194
MinimumVisualStudioVersion = 10.0.40219.1
Project("{2150E333-8FDC-42A3-9474-1A3956D46DE8}") = "Services", "Services", "{96312859-A310-48DD-BD80-D691114E9384}"
EndProject
Project("{2150E333-8FDC-42A3-9474-1A3956D46DE8}") = "Catalog", "Catalog", "{681BB592-C16B-4D08-B68B-00D8E5EA1FE8}"
EndProject
Project("{9A19103F-16F7-4668-BE54-9A1E7A4F7556}") = "Catalog.API", "src\services\catalog\Catalog.API\Catalog.API.csproj", "{486D46B7-126E-4A9C-9263-069F2403D359}"
EndProject
Project("{E53339B2-1760-4266-BCC7-CA923CBCF16C}") = "docker-compose", "docker-compose.dcproj", "{07A543D6-0E66-495B-A579-AA8C01E0F8EE}"
EndProject
Project("{2150E333-8FDC-42A3-9474-1A3956D46DE8}") = "Basket", "Basket", "{C33B1D86-D243-4382-BA09-4F6FF05F9D48}"
EndProject
Project("{9A19103F-16F7-4668-BE54-9A1E7A4F7556}") = "Basket.API", "src\services\Basket.API\Basket.API.csproj", "{A36A70A6-547F-4B3D-BA7B-36C4E351E05B}"
EndProject
Project("{2150E333-8FDC-42A3-9474-1A3956D46DE8}") = "Discount", "Discount", "{EF6847B1-902D-475D-BBBC-64A1BF59C8F3}"
EndProject
Project("{9A19103F-16F7-4668-BE54-9A1E7A4F7556}") = "Discount.API", "src\services\Discount\Discount.API\Discount.API.csproj", "{51DC926A-9734-4ED4-BF2A-6B2482B8810E}"
EndProject
Project("{9A19103F-16F7-4668-BE54-9A1E7A4F7556}") = "Discount.Grpc", "src\services\Discount\Discount.Grpc\Discount.Grpc.csproj", "{0AABA812-C3ED-4D81-A391-B3E626203420}"
EndProject
Project("{2150E333-8FDC-42A3-9474-1A3956D46DE8}") = "Ordering", "Ordering", "{836FA507-2A08-42D3-BB73-0B00EB81B9F7}"
EndProject
Project("{FAE04EC0-301F-11D3-BF4B-00C04F79EFBC}") = "Ordering.API", "src\services\ordering\Ordering.API\Ordering.API.csproj", "{19A3762F-BC36-44CA-ABF3-5F08FF338737}"
EndProject
Global
	GlobalSection(SolutionConfigurationPlatforms) = preSolution
		Debug|Any CPU = Debug|Any CPU
		Release|Any CPU = Release|Any CPU
	EndGlobalSection
	GlobalSection(ProjectConfigurationPlatforms) = postSolution
		{486D46B7-126E-4A9C-9263-069F2403D359}.Debug|Any CPU.ActiveCfg = Debug|Any CPU
		{486D46B7-126E-4A9C-9263-069F2403D359}.Debug|Any CPU.Build.0 = Debug|Any CPU
		{486D46B7-126E-4A9C-9263-069F2403D359}.Release|Any CPU.ActiveCfg = Release|Any CPU
		{486D46B7-126E-4A9C-9263-069F2403D359}.Release|Any CPU.Build.0 = Release|Any CPU
		{07A543D6-0E66-495B-A579-AA8C01E0F8EE}.Debug|Any CPU.ActiveCfg = Debug|Any CPU
		{07A543D6-0E66-495B-A579-AA8C01E0F8EE}.Debug|Any CPU.Build.0 = Debug|Any CPU
		{07A543D6-0E66-495B-A579-AA8C01E0F8EE}.Release|Any CPU.ActiveCfg = Release|Any CPU
		{07A543D6-0E66-495B-A579-AA8C01E0F8EE}.Release|Any CPU.Build.0 = Release|Any CPU
		{A36A70A6-547F-4B3D-BA7B-36C4E351E05B}.Debug|Any CPU.ActiveCfg = Debug|Any CPU
		{A36A70A6-547F-4B3D-BA7B-36C4E351E05B}.Debug|Any CPU.Build.0 = Debug|Any CPU
		{A36A70A6-547F-4B3D-BA7B-36C4E351E05B}.Release|Any CPU.ActiveCfg = Release|Any CPU
		{A36A70A6-547F-4B3D-BA7B-36C4E351E05B}.Release|Any CPU.Build.0 = Release|Any CPU
		{51DC926A-9734-4ED4-BF2A-6B2482B8810E}.Debug|Any CPU.ActiveCfg = Debug|Any CPU
		{51DC926A-9734-4ED4-BF2A-6B2482B8810E}.Debug|Any CPU.Build.0 = Debug|Any CPU
		{51DC926A-9734-4ED4-BF2A-6B2482B8810E}.Release|Any CPU.ActiveCfg = Release|Any CPU
		{51DC926A-9734-4ED4-BF2A-6B2482B8810E}.Release|Any CPU.Build.0 = Release|Any CPU
		{0AABA812-C3ED-4D81-A391-B3E626203420}.Debug|Any CPU.ActiveCfg = Debug|Any CPU
		{0AABA812-C3ED-4D81-A391-B3E626203420}.Debug|Any CPU.Build.0 = Debug|Any CPU
		{0AABA812-C3ED-4D81-A391-B3E626203420}.Release|Any CPU.ActiveCfg = Release|Any CPU
		{0AABA812-C3ED-4D81-A391-B3E626203420}.Release|Any CPU.Build.0 = Release|Any CPU
		{19A3762F-BC36-44CA-ABF3-5F08FF338737}.Debug|Any CPU.ActiveCfg = Debug|Any CPU
		{19A3762F-BC36-44CA-ABF3-5F08FF338737}.Debug|Any CPU.Build.0 = Debug|Any CPU
		{19A3762F-BC36-44CA-ABF3-5F08FF338737}.Release|Any CPU.ActiveCfg = Release|Any CPU
		{19A3762F-BC36-44CA-ABF3-5F08FF338737}.Release|Any CPU.Build.0 = Release|Any CPU
	EndGlobalSection
	GlobalSection(SolutionProperties) = preSolution
		HideSolutionNode = FALSE
	EndGlobalSection
	GlobalSection(NestedProjects) = preSolution
		{681BB592-C16B-4D08-B68B-00D8E5EA1FE8} = {96312859-A310-48DD-BD80-D691114E9384}
		{486D46B7-126E-4A9C-9263-069F2403D359} = {681BB592-C16B-4D08-B68B-00D8E5EA1FE8}
		{C33B1D86-D243-4382-BA09-4F6FF05F9D48} = {96312859-A310-48DD-BD80-D691114E9384}
		{A36A70A6-547F-4B3D-BA7B-36C4E351E05B} = {C33B1D86-D243-4382-BA09-4F6FF05F9D48}
		{EF6847B1-902D-475D-BBBC-64A1BF59C8F3} = {96312859-A310-48DD-BD80-D691114E9384}
		{51DC926A-9734-4ED4-BF2A-6B2482B8810E} = {EF6847B1-902D-475D-BBBC-64A1BF59C8F3}
		{0AABA812-C3ED-4D81-A391-B3E626203420} = {EF6847B1-902D-475D-BBBC-64A1BF59C8F3}
		{836FA507-2A08-42D3-BB73-0B00EB81B9F7} = {96312859-A310-48DD-BD80-D691114E9384}
		{19A3762F-BC36-44CA-ABF3-5F08FF338737} = {836FA507-2A08-42D3-BB73-0B00EB81B9F7}
	EndGlobalSection
	GlobalSection(ExtensibilityGlobals) = postSolution
		SolutionGuid = {0A07F2E1-02D0-482C-BA63-8C5CAD44F543}
	EndGlobalSection
EndGlobal
