
Microsoft Visual Studio Solution File, Format Version 12.00
# Visual Studio Version 16
VisualStudioVersion = 16.0.32106.194
MinimumVisualStudioVersion = 10.0.40219.1
Project("{2150E333-8FDC-42A3-9474-1A3956D46DE8}") = "Services", "Services", "{96312859-A310-48DD-BD80-D691114E9384}"
EndProject
Project("{2150E333-8FDC-42A3-9474-1A3956D46DE8}") = "Catalog", "Catalog", "{681BB592-C16B-4D08-B68B-00D8E5EA1FE8}"
EndProject
Project("{9A19103F-16F7-4668-BE54-9A1E7A4F7556}") = "Catalog.API", "src\services\catalog\Catalog.API\Catalog.API.csproj", "{486D46B7-126E-4A9C-9263-069F2403D359}"
EndProject
Project("{E53339B2-1760-4266-BCC7-CA923CBCF16C}") = "docker-compose", "docker-compose.dcproj", "{07A543D6-0E66-495B-A579-AA8C01E0F8EE}"
EndProject
Global
	GlobalSection(SolutionConfigurationPlatforms) = preSolution
		Debug|Any CPU = Debug|Any CPU
		Release|Any CPU = Release|Any CPU
	EndGlobalSection
	GlobalSection(ProjectConfigurationPlatforms) = postSolution
		{486D46B7-126E-4A9C-9263-069F2403D359}.Debug|Any CPU.ActiveCfg = Debug|Any CPU
		{486D46B7-126E-4A9C-9263-069F2403D359}.Debug|Any CPU.Build.0 = Debug|Any CPU
		{486D46B7-126E-4A9C-9263-069F2403D359}.Release|Any CPU.ActiveCfg = Release|Any CPU
		{486D46B7-126E-4A9C-9263-069F2403D359}.Release|Any CPU.Build.0 = Release|Any CPU
		{07A543D6-0E66-495B-A579-AA8C01E0F8EE}.Debug|Any CPU.ActiveCfg = Debug|Any CPU
		{07A543D6-0E66-495B-A579-AA8C01E0F8EE}.Debug|Any CPU.Build.0 = Debug|Any CPU
		{07A543D6-0E66-495B-A579-AA8C01E0F8EE}.Release|Any CPU.ActiveCfg = Release|Any CPU
		{07A543D6-0E66-495B-A579-AA8C01E0F8EE}.Release|Any CPU.Build.0 = Release|Any CPU
	EndGlobalSection
	GlobalSection(SolutionProperties) = preSolution
		HideSolutionNode = FALSE
	EndGlobalSection
	GlobalSection(NestedProjects) = preSolution
		{681BB592-C16B-4D08-B68B-00D8E5EA1FE8} = {96312859-A310-48DD-BD80-D691114E9384}
		{486D46B7-126E-4A9C-9263-069F2403D359} = {681BB592-C16B-4D08-B68B-00D8E5EA1FE8}
	EndGlobalSection
	GlobalSection(ExtensibilityGlobals) = postSolution
		SolutionGuid = {0A07F2E1-02D0-482C-BA63-8C5CAD44F543}
	EndGlobalSection
EndGlobal
